
Microsoft Visual Studio Solution File, Format Version 12.00
# Visual Studio Version 16
VisualStudioVersion = 16.0.31702.278
MinimumVisualStudioVersion = 10.0.40219.1
Project("{FAE04EC0-301F-11D3-BF4B-00C04F79EFBC}") = "Valmeny", "Valmeny\Valmeny.csproj", "{9F127191-081F-4B0A-A81D-DF4326323E78}"
EndProject
Global
	GlobalSection(SolutionConfigurationPlatforms) = preSolution
		Debug|Any CPU = Debug|Any CPU
		Release|Any CPU = Release|Any CPU
	EndGlobalSection
	GlobalSection(ProjectConfigurationPlatforms) = postSolution
		{9F127191-081F-4B0A-A81D-DF4326323E78}.Debug|Any CPU.ActiveCfg = Debug|Any CPU
		{9F127191-081F-4B0A-A81D-DF4326323E78}.Debug|Any CPU.Build.0 = Debug|Any CPU
		{9F127191-081F-4B0A-A81D-DF4326323E78}.Release|Any CPU.ActiveCfg = Release|Any CPU
		{9F127191-081F-4B0A-A81D-DF4326323E78}.Release|Any CPU.Build.0 = Release|Any CPU
	EndGlobalSection
	GlobalSection(SolutionProperties) = preSolution
		HideSolutionNode = FALSE
	EndGlobalSection
	GlobalSection(ExtensibilityGlobals) = postSolution
		SolutionGuid = {8D4DEA56-1A92-4EEF-870B-1CD0A62F3982}
	EndGlobalSection
EndGlobal
